
Microsoft Visual Studio Solution File, Format Version 12.00
# Visual Studio Version 17
VisualStudioVersion = 17.5.33414.496
MinimumVisualStudioVersion = 10.0.40219.1
Project("{FAE04EC0-301F-11D3-BF4B-00C04F79EFBC}") = "Students", "Students\Students.csproj", "{0D1D06D7-2239-44BF-9762-25A400EC5B88}"
EndProject
Global
	GlobalSection(SolutionConfigurationPlatforms) = preSolution
		Debug|Any CPU = Debug|Any CPU
		Release|Any CPU = Release|Any CPU
	EndGlobalSection
	GlobalSection(ProjectConfigurationPlatforms) = postSolution
		{0D1D06D7-2239-44BF-9762-25A400EC5B88}.Debug|Any CPU.ActiveCfg = Debug|Any CPU
		{0D1D06D7-2239-44BF-9762-25A400EC5B88}.Debug|Any CPU.Build.0 = Debug|Any CPU
		{0D1D06D7-2239-44BF-9762-25A400EC5B88}.Release|Any CPU.ActiveCfg = Release|Any CPU
		{0D1D06D7-2239-44BF-9762-25A400EC5B88}.Release|Any CPU.Build.0 = Release|Any CPU
	EndGlobalSection
	GlobalSection(SolutionProperties) = preSolution
		HideSolutionNode = FALSE
	EndGlobalSection
	GlobalSection(ExtensibilityGlobals) = postSolution
		SolutionGuid = {53A8F2AB-E51C-4EC0-B826-F79B08FC451A}
	EndGlobalSection
EndGlobal
